
Microsoft Visual Studio Solution File, Format Version 12.00
# Visual Studio Version 17
VisualStudioVersion = 17.10.34928.147
MinimumVisualStudioVersion = 10.0.40219.1
Project("{FAE04EC0-301F-11D3-BF4B-00C04F79EFBC}") = "SQL_RCO", "SQL_RCO\SQL_RCO.csproj", "{EF898E23-FE85-4F1D-865E-065E78C4CF56}"
EndProject
Global
	GlobalSection(SolutionConfigurationPlatforms) = preSolution
		Debug|Any CPU = Debug|Any CPU
		Release|Any CPU = Release|Any CPU
	EndGlobalSection
	GlobalSection(ProjectConfigurationPlatforms) = postSolution
		{EF898E23-FE85-4F1D-865E-065E78C4CF56}.Debug|Any CPU.ActiveCfg = Debug|Any CPU
		{EF898E23-FE85-4F1D-865E-065E78C4CF56}.Debug|Any CPU.Build.0 = Debug|Any CPU
		{EF898E23-FE85-4F1D-865E-065E78C4CF56}.Release|Any CPU.ActiveCfg = Release|Any CPU
		{EF898E23-FE85-4F1D-865E-065E78C4CF56}.Release|Any CPU.Build.0 = Release|Any CPU
	EndGlobalSection
	GlobalSection(SolutionProperties) = preSolution
		HideSolutionNode = FALSE
	EndGlobalSection
	GlobalSection(ExtensibilityGlobals) = postSolution
		SolutionGuid = {FE08C713-924A-4FB3-8BAE-C4EEC8DA8DB4}
	EndGlobalSection
EndGlobal
